
Microsoft Visual Studio Solution File, Format Version 12.00
# Visual Studio Version 17
VisualStudioVersion = 17.9.34622.214
MinimumVisualStudioVersion = 10.0.40219.1
Project("{FAE04EC0-301F-11D3-BF4B-00C04F79EFBC}") = "MauiForClass", "MauiForClass\MauiForClass.csproj", "{794F2B31-0255-41BE-9A9E-0013788BC784}"
EndProject
Global
	GlobalSection(SolutionConfigurationPlatforms) = preSolution
		Debug|Any CPU = Debug|Any CPU
		Release|Any CPU = Release|Any CPU
	EndGlobalSection
	GlobalSection(ProjectConfigurationPlatforms) = postSolution
		{794F2B31-0255-41BE-9A9E-0013788BC784}.Debug|Any CPU.ActiveCfg = Debug|Any CPU
		{794F2B31-0255-41BE-9A9E-0013788BC784}.Debug|Any CPU.Build.0 = Debug|Any CPU
		{794F2B31-0255-41BE-9A9E-0013788BC784}.Debug|Any CPU.Deploy.0 = Debug|Any CPU
		{794F2B31-0255-41BE-9A9E-0013788BC784}.Release|Any CPU.ActiveCfg = Release|Any CPU
		{794F2B31-0255-41BE-9A9E-0013788BC784}.Release|Any CPU.Build.0 = Release|Any CPU
		{794F2B31-0255-41BE-9A9E-0013788BC784}.Release|Any CPU.Deploy.0 = Release|Any CPU
	EndGlobalSection
	GlobalSection(SolutionProperties) = preSolution
		HideSolutionNode = FALSE
	EndGlobalSection
	GlobalSection(ExtensibilityGlobals) = postSolution
		SolutionGuid = {F61443FA-272D-480F-B8A6-9BF02B5762C6}
	EndGlobalSection
EndGlobal
